
Microsoft Visual Studio Solution File, Format Version 12.00
# Visual Studio 15
VisualStudioVersion = 15.0.28010.2041
MinimumVisualStudioVersion = 10.0.40219.1
Project("{FAE04EC0-301F-11D3-BF4B-00C04F79EFBC}") = "4thDigit", "..\4thDigit\4thDigit.csproj", "{366C1AB6-A8F0-4C1B-A134-FBB35E452CA5}"
EndProject
Project("{FAE04EC0-301F-11D3-BF4B-00C04F79EFBC}") = "TravelingToSunWithSoundSpeed", "..\TravelingToSunWithSoundSpeed\TravelingToSunWithSoundSpeed.csproj", "{229F357A-D401-4666-AFA1-8C9074C067F1}"
EndProject
Project("{FAE04EC0-301F-11D3-BF4B-00C04F79EFBC}") = "CalculateWeightInTheSolarSystem", "..\CalculateWeightInTheSolarSystem\CalculateWeightInTheSolarSystem.csproj", "{C680834F-58F4-453D-89E6-3E35C1D9DA93}"
EndProject
Project("{FAE04EC0-301F-11D3-BF4B-00C04F79EFBC}") = "DecartCoordinates", "DecartCoordinates\DecartCoordinates.csproj", "{7B755C9D-C2EC-4ED2-89C9-616B86C62242}"
EndProject
Global
	GlobalSection(SolutionConfigurationPlatforms) = preSolution
		Debug|Any CPU = Debug|Any CPU
		Release|Any CPU = Release|Any CPU
	EndGlobalSection
	GlobalSection(ProjectConfigurationPlatforms) = postSolution
		{366C1AB6-A8F0-4C1B-A134-FBB35E452CA5}.Debug|Any CPU.ActiveCfg = Debug|Any CPU
		{366C1AB6-A8F0-4C1B-A134-FBB35E452CA5}.Debug|Any CPU.Build.0 = Debug|Any CPU
		{366C1AB6-A8F0-4C1B-A134-FBB35E452CA5}.Release|Any CPU.ActiveCfg = Release|Any CPU
		{366C1AB6-A8F0-4C1B-A134-FBB35E452CA5}.Release|Any CPU.Build.0 = Release|Any CPU
		{229F357A-D401-4666-AFA1-8C9074C067F1}.Debug|Any CPU.ActiveCfg = Debug|Any CPU
		{229F357A-D401-4666-AFA1-8C9074C067F1}.Debug|Any CPU.Build.0 = Debug|Any CPU
		{229F357A-D401-4666-AFA1-8C9074C067F1}.Release|Any CPU.ActiveCfg = Release|Any CPU
		{229F357A-D401-4666-AFA1-8C9074C067F1}.Release|Any CPU.Build.0 = Release|Any CPU
		{C680834F-58F4-453D-89E6-3E35C1D9DA93}.Debug|Any CPU.ActiveCfg = Debug|Any CPU
		{C680834F-58F4-453D-89E6-3E35C1D9DA93}.Debug|Any CPU.Build.0 = Debug|Any CPU
		{C680834F-58F4-453D-89E6-3E35C1D9DA93}.Release|Any CPU.ActiveCfg = Release|Any CPU
		{C680834F-58F4-453D-89E6-3E35C1D9DA93}.Release|Any CPU.Build.0 = Release|Any CPU
		{7B755C9D-C2EC-4ED2-89C9-616B86C62242}.Debug|Any CPU.ActiveCfg = Debug|Any CPU
		{7B755C9D-C2EC-4ED2-89C9-616B86C62242}.Debug|Any CPU.Build.0 = Debug|Any CPU
		{7B755C9D-C2EC-4ED2-89C9-616B86C62242}.Release|Any CPU.ActiveCfg = Release|Any CPU
		{7B755C9D-C2EC-4ED2-89C9-616B86C62242}.Release|Any CPU.Build.0 = Release|Any CPU
	EndGlobalSection
	GlobalSection(SolutionProperties) = preSolution
		HideSolutionNode = FALSE
	EndGlobalSection
	GlobalSection(ExtensibilityGlobals) = postSolution
		SolutionGuid = {DC0E892B-367C-48B2-8837-C882596E191B}
	EndGlobalSection
EndGlobal
